
Microsoft Visual Studio Solution File, Format Version 12.00
# Visual Studio Version 17
VisualStudioVersion = 17.0.31612.314
MinimumVisualStudioVersion = 10.0.40219.1
Project("{9A19103F-16F7-4668-BE54-9A1E7A4F7556}") = "dotnet-external-login-with-microsoft-identity", "dotnet-external-login-with-microsoft-identity\dotnet-external-login-with-microsoft-identity.csproj", "{57A00FDA-4CCC-4FC0-8091-303C8CD00620}"
EndProject
Global
	GlobalSection(SolutionConfigurationPlatforms) = preSolution
		Debug|Any CPU = Debug|Any CPU
		Release|Any CPU = Release|Any CPU
	EndGlobalSection
	GlobalSection(ProjectConfigurationPlatforms) = postSolution
		{57A00FDA-4CCC-4FC0-8091-303C8CD00620}.Debug|Any CPU.ActiveCfg = Debug|Any CPU
		{57A00FDA-4CCC-4FC0-8091-303C8CD00620}.Debug|Any CPU.Build.0 = Debug|Any CPU
		{57A00FDA-4CCC-4FC0-8091-303C8CD00620}.Release|Any CPU.ActiveCfg = Release|Any CPU
		{57A00FDA-4CCC-4FC0-8091-303C8CD00620}.Release|Any CPU.Build.0 = Release|Any CPU
	EndGlobalSection
	GlobalSection(SolutionProperties) = preSolution
		HideSolutionNode = FALSE
	EndGlobalSection
	GlobalSection(ExtensibilityGlobals) = postSolution
		SolutionGuid = {629BFE0D-0B2C-435A-BAA3-85917C69BCF1}
	EndGlobalSection
EndGlobal
